
Microsoft Visual Studio Solution File, Format Version 12.00
# Visual Studio Version 17
VisualStudioVersion = 17.10.35013.160
MinimumVisualStudioVersion = 10.0.40219.1
Project("{9A19103F-16F7-4668-BE54-9A1E7A4F7556}") = "ProdMonitor.Domain", "ProdMonitor.Domain\ProdMonitor.Domain.csproj", "{B14D6194-5FA6-4E96-8DF1-CDF16913CA81}"
EndProject
Project("{9A19103F-16F7-4668-BE54-9A1E7A4F7556}") = "ProdMonitor.Application", "ProdMonitor.Application\ProdMonitor.Application.csproj", "{2893DA9F-E995-48F1-AAA0-BCBF75EDCD67}"
EndProject
Project("{9A19103F-16F7-4668-BE54-9A1E7A4F7556}") = "ProdMonitor.Test", "ProdMonitor.Test\ProdMonitor.Test.csproj", "{809CB3EA-2E2E-469D-9284-FC7BD58910D1}"
EndProject
Project("{9A19103F-16F7-4668-BE54-9A1E7A4F7556}") = "ProdMonitor.DataAccess", "ProdMonitor.DataAccess\ProdMonitor.DataAccess.csproj", "{4E8515FE-EF1C-4791-B8B1-DEBF71226198}"
EndProject
Project("{9A19103F-16F7-4668-BE54-9A1E7A4F7556}") = "ProdMonitor.ConsoleApp", "ProdMonitor.ConsoleApp\ProdMonitor.ConsoleApp.csproj", "{0AB6274E-9D45-40BE-BA06-218AE5C68AA7}"
EndProject
Project("{FAE04EC0-301F-11D3-BF4B-00C04F79EFBC}") = "ProdMonitor.Web", "ProdMonitor.Web\ProdMonitor.Web.csproj", "{0989FCE8-8827-4FFB-90F2-3C3140BBA472}"
EndProject
Project("{FAE04EC0-301F-11D3-BF4B-00C04F79EFBC}") = "ProdMonitor.IntegrationTests", "ProdMonitor.IntegrationTests\ProdMonitor.IntegrationTests.csproj", "{8812454E-FAD9-4995-B87B-FF3DFBA91989}"
EndProject
Project("{FAE04EC0-301F-11D3-BF4B-00C04F79EFBC}") = "ProdMonitor.E2E", "ProdMonitor.E2E\ProdMonitor.E2E.csproj", "{D79CF0A7-0F48-4336-99A2-76C1BC2C51D5}"
EndProject
Global
	GlobalSection(SolutionConfigurationPlatforms) = preSolution
		Debug|Any CPU = Debug|Any CPU
		Release|Any CPU = Release|Any CPU
	EndGlobalSection
	GlobalSection(ProjectConfigurationPlatforms) = postSolution
		{B14D6194-5FA6-4E96-8DF1-CDF16913CA81}.Debug|Any CPU.ActiveCfg = Debug|Any CPU
		{B14D6194-5FA6-4E96-8DF1-CDF16913CA81}.Debug|Any CPU.Build.0 = Debug|Any CPU
		{B14D6194-5FA6-4E96-8DF1-CDF16913CA81}.Release|Any CPU.ActiveCfg = Release|Any CPU
		{B14D6194-5FA6-4E96-8DF1-CDF16913CA81}.Release|Any CPU.Build.0 = Release|Any CPU
		{2893DA9F-E995-48F1-AAA0-BCBF75EDCD67}.Debug|Any CPU.ActiveCfg = Debug|Any CPU
		{2893DA9F-E995-48F1-AAA0-BCBF75EDCD67}.Debug|Any CPU.Build.0 = Debug|Any CPU
		{2893DA9F-E995-48F1-AAA0-BCBF75EDCD67}.Release|Any CPU.ActiveCfg = Release|Any CPU
		{2893DA9F-E995-48F1-AAA0-BCBF75EDCD67}.Release|Any CPU.Build.0 = Release|Any CPU
		{809CB3EA-2E2E-469D-9284-FC7BD58910D1}.Debug|Any CPU.ActiveCfg = Debug|Any CPU
		{809CB3EA-2E2E-469D-9284-FC7BD58910D1}.Debug|Any CPU.Build.0 = Debug|Any CPU
		{809CB3EA-2E2E-469D-9284-FC7BD58910D1}.Release|Any CPU.ActiveCfg = Release|Any CPU
		{809CB3EA-2E2E-469D-9284-FC7BD58910D1}.Release|Any CPU.Build.0 = Release|Any CPU
		{4E8515FE-EF1C-4791-B8B1-DEBF71226198}.Debug|Any CPU.ActiveCfg = Debug|Any CPU
		{4E8515FE-EF1C-4791-B8B1-DEBF71226198}.Debug|Any CPU.Build.0 = Debug|Any CPU
		{4E8515FE-EF1C-4791-B8B1-DEBF71226198}.Release|Any CPU.ActiveCfg = Release|Any CPU
		{4E8515FE-EF1C-4791-B8B1-DEBF71226198}.Release|Any CPU.Build.0 = Release|Any CPU
		{0AB6274E-9D45-40BE-BA06-218AE5C68AA7}.Debug|Any CPU.ActiveCfg = Debug|Any CPU
		{0AB6274E-9D45-40BE-BA06-218AE5C68AA7}.Debug|Any CPU.Build.0 = Debug|Any CPU
		{0AB6274E-9D45-40BE-BA06-218AE5C68AA7}.Release|Any CPU.ActiveCfg = Release|Any CPU
		{0AB6274E-9D45-40BE-BA06-218AE5C68AA7}.Release|Any CPU.Build.0 = Release|Any CPU
		{0989FCE8-8827-4FFB-90F2-3C3140BBA472}.Debug|Any CPU.ActiveCfg = Debug|Any CPU
		{0989FCE8-8827-4FFB-90F2-3C3140BBA472}.Debug|Any CPU.Build.0 = Debug|Any CPU
		{0989FCE8-8827-4FFB-90F2-3C3140BBA472}.Release|Any CPU.ActiveCfg = Release|Any CPU
		{0989FCE8-8827-4FFB-90F2-3C3140BBA472}.Release|Any CPU.Build.0 = Release|Any CPU
		{8812454E-FAD9-4995-B87B-FF3DFBA91989}.Debug|Any CPU.ActiveCfg = Debug|Any CPU
		{8812454E-FAD9-4995-B87B-FF3DFBA91989}.Debug|Any CPU.Build.0 = Debug|Any CPU
		{8812454E-FAD9-4995-B87B-FF3DFBA91989}.Release|Any CPU.ActiveCfg = Release|Any CPU
		{8812454E-FAD9-4995-B87B-FF3DFBA91989}.Release|Any CPU.Build.0 = Release|Any CPU
		{D79CF0A7-0F48-4336-99A2-76C1BC2C51D5}.Debug|Any CPU.ActiveCfg = Debug|Any CPU
		{D79CF0A7-0F48-4336-99A2-76C1BC2C51D5}.Debug|Any CPU.Build.0 = Debug|Any CPU
		{D79CF0A7-0F48-4336-99A2-76C1BC2C51D5}.Release|Any CPU.ActiveCfg = Release|Any CPU
		{D79CF0A7-0F48-4336-99A2-76C1BC2C51D5}.Release|Any CPU.Build.0 = Release|Any CPU
	EndGlobalSection
	GlobalSection(SolutionProperties) = preSolution
		HideSolutionNode = FALSE
	EndGlobalSection
	GlobalSection(ExtensibilityGlobals) = postSolution
		SolutionGuid = {5C23946F-D5A6-4E02-A325-778303989D4F}
	EndGlobalSection
EndGlobal
